<Solution>
  <Project Path="CommonDataModule/CommonDataModule.csproj" Id="cd310314-f3e1-4b8c-a3ad-5f38a1cf9154" />
  <Project Path="JobModule/JobModule.csproj" />
  <Project Path="MainApp/MainApp.csproj" />
  <Project Path="MusicModule/MusicModule.csproj" />
  <Project Path="NotificationModule/NotificationsModule.csproj" />
  <Project Path="SCSSdkClient/SCSSdkClient.csproj" Id="b62f8e57-9d8c-4ea2-90e4-1f6b09dce468" />
  <Project Path="TruckInfoModule/TransportInfoModule.csproj" Id="4230db99-86ed-4eb0-972c-be0af5b4a0a2" />
  <Project Path="Utils/Utils.csproj" />
</Solution>
